// !$*UTF8*$!
{
	archiveVersion = 1;
	classes = {
	};
	objectVersion = 50;
	objects = {

/* Begin PBXBuildFile section */
		78EDDABD23635EF500F7D256 /* AppDelegate.swift in Sources */ = {isa = PBXBuildFile; fileRef = 78EDDABC23635EF500F7D256 /* AppDelegate.swift */; };
		78EDDABF23635EF500F7D256 /* SceneDelegate.swift in Sources */ = {isa = PBXBuildFile; fileRef = 78EDDABE23635EF500F7D256 /* SceneDelegate.swift */; };
		78EDDAC123635EF500F7D256 /* ViewController.swift in Sources */ = {isa = PBXBuildFile; fileRef = 78EDDAC023635EF500F7D256 /* ViewController.swift */; };
		78EDDAC423635EF500F7D256 /* Main.storyboard in Resources */ = {isa = PBXBuildFile; fileRef = 78EDDAC223635EF500F7D256 /* Main.storyboard */; };
		78EDDAC623635EF600F7D256 /* Assets.xcassets in Resources */ = {isa = PBXBuildFile; fileRef = 78EDDAC523635EF600F7D256 /* Assets.xcassets */; };
		78EDDAC923635EF600F7D256 /* LaunchScreen.storyboard in Resources */ = {isa = PBXBuildFile; fileRef = 78EDDAC723635EF600F7D256 /* LaunchScreen.storyboard */; };
		BF716B75326E4937D9481A3C /* Pods_FirstSample.framework in Frameworks */ = {isa = PBXBuildFile; fileRef = 687D71C8096F46A2C36A81A6 /* Pods_FirstSample.framework */; };
/* End PBXBuildFile section */

/* Begin PBXFileReference section */
		08D9A7C7C2DF730780E2F0FA /* Pods-FirstSample.debug.xcconfig */ = {isa = PBXFileReference; includeInIndex = 1; lastKnownFileType = text.xcconfig; name = "Pods-FirstSample.debug.xcconfig"; path = "Target Support Files/Pods-FirstSample/Pods-FirstSample.debug.xcconfig"; sourceTree = "<group>"; };
		687D71C8096F46A2C36A81A6 /* Pods_FirstSample.framework */ = {isa = PBXFileReference; explicitFileType = wrapper.framework; includeInIndex = 0; path = Pods_FirstSample.framework; sourceTree = BUILT_PRODUCTS_DIR; };
		78EDDAB923635EF500F7D256 /* FirstSample.app */ = {isa = PBXFileReference; explicitFileType = wrapper.application; includeInIndex = 0; path = FirstSample.app; sourceTree = BUILT_PRODUCTS_DIR; };
		78EDDABC23635EF500F7D256 /* AppDelegate.swift */ = {isa = PBXFileReference; lastKnownFileType = sourcecode.swift; path = AppDelegate.swift; sourceTree = "<group>"; };
		78EDDABE23635EF500F7D256 /* SceneDelegate.swift */ = {isa = PBXFileReference; lastKnownFileType = sourcecode.swift; path = SceneDelegate.swift; sourceTree = "<group>"; };
		78EDDAC023635EF500F7D256 /* ViewController.swift */ = {isa = PBXFileReference; lastKnownFileType = sourcecode.swift; path = ViewController.swift; sourceTree = "<group>"; };
		78EDDAC323635EF500F7D256 /* Base */ = {isa = PBXFileReference; lastKnownFileType = file.storyboard; name = Base; path = Base.lproj/Main.storyboard; sourceTree = "<group>"; };
		78EDDAC523635EF600F7D256 /* Assets.xcassets */ = {isa = PBXFileReference; lastKnownFileType = folder.assetcatalog; path = Assets.xcassets; sourceTree = "<group>"; };
		78EDDAC823635EF600F7D256 /* Base */ = {isa = PBXFileReference; lastKnownFileType = file.storyboard; name = Base; path = Base.lproj/LaunchScreen.storyboard; sourceTree = "<group>"; };
		78EDDACA23635EF600F7D256 /* Info.plist */ = {isa = PBXFileReference; lastKnownFileType = text.plist.xml; path = Info.plist; sourceTree = "<group>"; };
		FBD74C0D387084CCF16A6698 /* Pods-FirstSample.release.xcconfig */ = {isa = PBXFileReference; includeInIndex = 1; lastKnownFileType = text.xcconfig; name = "Pods-FirstSample.release.xcconfig"; path = "Target Support Files/Pods-FirstSample/Pods-FirstSample.release.xcconfig"; sourceTree = "<group>"; };
/* End PBXFileReference section */

/* Begin PBXFrameworksBuildPhase section */
		78EDDAB623635EF500F7D256 /* Frameworks */ = {
			isa = PBXFrameworksBuildPhase;
			buildActionMask = 2147483647;
			files = (
				BF716B75326E4937D9481A3C /* Pods_FirstSample.framework in Frameworks */,
			);
			runOnlyForDeploymentPostprocessing = 0;
		};
/* End PBXFrameworksBuildPhase section */

/* Begin PBXGroup section */
		06B82C00FAA88B4F7F852E22 /* Pods */ = {
			isa = PBXGroup;
			children = (
				08D9A7C7C2DF730780E2F0FA /* Pods-FirstSample.debug.xcconfig */,
				FBD74C0D387084CCF16A6698 /* Pods-FirstSample.release.xcconfig */,
			);
			name = Pods;
			path = Pods;
			sourceTree = "<group>";
		};
		78EDDAB023635EF500F7D256 = {
			isa = PBXGroup;
			children = (
				78EDDABB23635EF500F7D256 /* FirstSample */,
				78EDDABA23635EF500F7D256 /* Products */,
				06B82C00FAA88B4F7F852E22 /* Pods */,
				F683F3966A2D3C8FD29EAED0 /* Frameworks */,
			);
			sourceTree = "<group>";
		};
		78EDDABA23635EF500F7D256 /* Products */ = {
			isa = PBXGroup;
			children = (
				78EDDAB923635EF500F7D256 /* FirstSample.app */,
			);
			name = Products;
			sourceTree = "<group>";
		};
		78EDDABB23635EF500F7D256 /* FirstSample */ = {
			isa = PBXGroup;
			children = (
				78EDDABC23635EF500F7D256 /* AppDelegate.swift */,
				78EDDABE23635EF500F7D256 /* SceneDelegate.swift */,
				78EDDAC023635EF500F7D256 /* ViewController.swift */,
				78EDDAC223635EF500F7D256 /* Main.storyboard */,
				78EDDAC523635EF600F7D256 /* Assets.xcassets */,
				78EDDAC723635EF600F7D256 /* LaunchScreen.storyboard */,
				78EDDACA23635EF600F7D256 /* Info.plist */,
			);
			path = FirstSample;
			sourceTree = "<group>";
		};
		F683F3966A2D3C8FD29EAED0 /* Frameworks */ = {
			isa = PBXGroup;
			children = (
				687D71C8096F46A2C36A81A6 /* Pods_FirstSample.framework */,
			);
			name = Frameworks;
			sourceTree = "<group>";
		};
/* End PBXGroup section */

/* Begin PBXNativeTarget section */
		78EDDAB823635EF500F7D256 /* FirstSample */ = {
			isa = PBXNativeTarget;
			buildConfigurationList = 78EDDACD23635EF600F7D256 /* Build configuration list for PBXNativeTarget "FirstSample" */;
			buildPhases = (
				E84342754F770022E9E4AFD8 /* [CP] Check Pods Manifest.lock */,
				78EDDAB523635EF500F7D256 /* Sources */,
				78EDDAB623635EF500F7D256 /* Frameworks */,
				78EDDAB723635EF500F7D256 /* Resources */,
				2C3AA82D375CC75D61BC53B7 /* [CP] Embed Pods Frameworks */,
			);
			buildRules = (
			);
			dependencies = (
			);
			name = FirstSample;
			productName = FirstSample;
			productReference = 78EDDAB923635EF500F7D256 /* FirstSample.app */;
			productType = "com.apple.product-type.application";
		};
/* End PBXNativeTarget section */

/* Begin PBXProject section */
		78EDDAB123635EF500F7D256 /* Project object */ = {
			isa = PBXProject;
			attributes = {
				LastSwiftUpdateCheck = 1110;
				LastUpgradeCheck = 1110;
				ORGANIZATIONNAME = "Future Workshops";
				TargetAttributes = {
					78EDDAB823635EF500F7D256 = {
						CreatedOnToolsVersion = 11.1;
					};
				};
			};
			buildConfigurationList = 78EDDAB423635EF500F7D256 /* Build configuration list for PBXProject "FirstSample" */;
			compatibilityVersion = "Xcode 9.3";
			developmentRegion = en;
			hasScannedForEncodings = 0;
			knownRegions = (
				en,
				Base,
			);
			mainGroup = 78EDDAB023635EF500F7D256;
			productRefGroup = 78EDDABA23635EF500F7D256 /* Products */;
			projectDirPath = "";
			projectRoot = "";
			targets = (
				78EDDAB823635EF500F7D256 /* FirstSample */,
			);
		};
/* End PBXProject section */

/* Begin PBXResourcesBuildPhase section */
		78EDDAB723635EF500F7D256 /* Resources */ = {
			isa = PBXResourcesBuildPhase;
			buildActionMask = 2147483647;
			files = (
				78EDDAC923635EF600F7D256 /* LaunchScreen.storyboard in Resources */,
				78EDDAC623635EF600F7D256 /* Assets.xcassets in Resources */,
				78EDDAC423635EF500F7D256 /* Main.storyboard in Resources */,
			);
			runOnlyForDeploymentPostprocessing = 0;
		};
/* End PBXResourcesBuildPhase section */

/* Begin PBXShellScriptBuildPhase section */
		2C3AA82D375CC75D61BC53B7 /* [CP] Embed Pods Frameworks */ = {
			isa = PBXShellScriptBuildPhase;
			buildActionMask = 2147483647;
			files = (
			);
			inputFileListPaths = (
				"${PODS_ROOT}/Target Support Files/Pods-FirstSample/Pods-FirstSample-frameworks-${CONFIGURATION}-input-files.xcfilelist",
			);
			name = "[CP] Embed Pods Frameworks";
			outputFileListPaths = (
				"${PODS_ROOT}/Target Support Files/Pods-FirstSample/Pods-FirstSample-frameworks-${CONFIGURATION}-output-files.xcfilelist",
			);
			runOnlyForDeploymentPostprocessing = 0;
			shellPath = /bin/sh;
			shellScript = "\"${PODS_ROOT}/Target Support Files/Pods-FirstSample/Pods-FirstSample-frameworks.sh\"\n";
			showEnvVarsInLog = 0;
		};
		E84342754F770022E9E4AFD8 /* [CP] Check Pods Manifest.lock */ = {
			isa = PBXShellScriptBuildPhase;
			buildActionMask = 2147483647;
			files = (
			);
			inputFileListPaths = (
			);
			inputPaths = (
				"${PODS_PODFILE_DIR_PATH}/Podfile.lock",
				"${PODS_ROOT}/Manifest.lock",
			);
			name = "[CP] Check Pods Manifest.lock";
			outputFileListPaths = (
			);
			outputPaths = (
				"$(DERIVED_FILE_DIR)/Pods-FirstSample-checkManifestLockResult.txt",
			);
			runOnlyForDeploymentPostprocessing = 0;
			shellPath = /bin/sh;
			shellScript = "diff \"${PODS_PODFILE_DIR_PATH}/Podfile.lock\" \"${PODS_ROOT}/Manifest.lock\" > /dev/null\nif [ $? != 0 ] ; then\n    # print error to STDERR\n    echo \"error: The sandbox is not in sync with the Podfile.lock. Run 'pod install' or update your CocoaPods installation.\" >&2\n    exit 1\nfi\n# This output is used by Xcode 'outputs' to avoid re-running this script phase.\necho \"SUCCESS\" > \"${SCRIPT_OUTPUT_FILE_0}\"\n";
			showEnvVarsInLog = 0;
		};
/* End PBXShellScriptBuildPhase section */

/* Begin PBXSourcesBuildPhase section */
		78EDDAB523635EF500F7D256 /* Sources */ = {
			isa = PBXSourcesBuildPhase;
			buildActionMask = 2147483647;
			files = (
				78EDDAC123635EF500F7D256 /* ViewController.swift in Sources */,
				78EDDABD23635EF500F7D256 /* AppDelegate.swift in Sources */,
				78EDDABF23635EF500F7D256 /* SceneDelegate.swift in Sources */,
			);
			runOnlyForDeploymentPostprocessing = 0;
		};
/* End PBXSourcesBuildPhase section */

/* Begin PBXVariantGroup section */
		78EDDAC223635EF500F7D256 /* Main.storyboard */ = {
			isa = PBXVariantGroup;
			children = (
				78EDDAC323635EF500F7D256 /* Base */,
			);
			name = Main.storyboard;
			sourceTree = "<group>";
		};
		78EDDAC723635EF600F7D256 /* LaunchScreen.storyboard */ = {
			isa = PBXVariantGroup;
			children = (
				78EDDAC823635EF600F7D256 /* Base */,
			);
			name = LaunchScreen.storyboard;
			sourceTree = "<group>";
		};
/* End PBXVariantGroup section */

/* Begin XCBuildConfiguration section */
		78EDDACB23635EF600F7D256 /* Debug */ = {
			isa = XCBuildConfiguration;
			buildSettings = {
				ALWAYS_SEARCH_USER_PATHS = NO;
				CLANG_ANALYZER_NONNULL = YES;
				CLANG_ANALYZER_NUMBER_OBJECT_CONVERSION = YES_AGGRESSIVE;
				CLANG_CXX_LANGUAGE_STANDARD = "gnu++14";
				CLANG_CXX_LIBRARY = "libc++";
				CLANG_ENABLE_MODULES = YES;
				CLANG_ENABLE_OBJC_ARC = YES;
				CLANG_ENABLE_OBJC_WEAK = YES;
				CLANG_WARN_BLOCK_CAPTURE_AUTORELEASING = YES;
				CLANG_WARN_BOOL_CONVERSION = YES;
				CLANG_WARN_COMMA = YES;
				CLANG_WARN_CONSTANT_CONVERSION = YES;
				CLANG_WARN_DEPRECATED_OBJC_IMPLEMENTATIONS = YES;
				CLANG_WARN_DIRECT_OBJC_ISA_USAGE = YES_ERROR;
				CLANG_WARN_DOCUMENTATION_COMMENTS = YES;
				CLANG_WARN_EMPTY_BODY = YES;
				CLANG_WARN_ENUM_CONVERSION = YES;
				CLANG_WARN_INFINITE_RECURSION = YES;
				CLANG_WARN_INT_CONVERSION = YES;
				CLANG_WARN_NON_LITERAL_NULL_CONVERSION = YES;
				CLANG_WARN_OBJC_IMPLICIT_RETAIN_SELF = YES;
				CLANG_WARN_OBJC_LITERAL_CONVERSION = YES;
				CLANG_WARN_OBJC_ROOT_CLASS = YES_ERROR;
				CLANG_WARN_RANGE_LOOP_ANALYSIS = YES;
				CLANG_WARN_STRICT_PROTOTYPES = YES;
				CLANG_WARN_SUSPICIOUS_MOVE = YES;
				CLANG_WARN_UNGUARDED_AVAILABILITY = YES_AGGRESSIVE;
				CLANG_WARN_UNREACHABLE_CODE = YES;
				CLANG_WARN__DUPLICATE_METHOD_MATCH = YES;
				COPY_PHASE_STRIP = NO;
				DEBUG_INFORMATION_FORMAT = dwarf;
				ENABLE_STRICT_OBJC_MSGSEND = YES;
				ENABLE_TESTABILITY = YES;
				GCC_C_LANGUAGE_STANDARD = gnu11;
				GCC_DYNAMIC_NO_PIC = NO;
				GCC_NO_COMMON_BLOCKS = YES;
				GCC_OPTIMIZATION_LEVEL = 0;
				GCC_PREPROCESSOR_DEFINITIONS = (
					"DEBUG=1",
					"$(inherited)",
				);
				GCC_WARN_64_TO_32_BIT_CONVERSION = YES;
				GCC_WARN_ABOUT_RETURN_TYPE = YES_ERROR;
				GCC_WARN_UNDECLARED_SELECTOR = YES;
				GCC_WARN_UNINITIALIZED_AUTOS = YES_AGGRESSIVE;
				GCC_WARN_UNUSED_FUNCTION = YES;
				GCC_WARN_UNUSED_VARIABLE = YES;
				IPHONEOS_DEPLOYMENT_TARGET = 13.1;
				MTL_ENABLE_DEBUG_INFO = INCLUDE_SOURCE;
				MTL_FAST_MATH = YES;
				ONLY_ACTIVE_ARCH = YES;
				SDKROOT = iphoneos;
				SWIFT_ACTIVE_COMPILATION_CONDITIONS = DEBUG;
				SWIFT_OPTIMIZATION_LEVEL = "-Onone";
			};
			name = Debug;
		};
		78EDDACC23635EF600F7D256 /* Release */ = {
			isa = XCBuildConfiguration;
			buildSettings = {
				ALWAYS_SEARCH_USER_PATHS = NO;
				CLANG_ANALYZER_NONNULL = YES;
				CLANG_ANALYZER_NUMBER_OBJECT_CONVERSION = YES_AGGRESSIVE;
				CLANG_CXX_LANGUAGE_STANDARD = "gnu++14";
				CLANG_CXX_LIBRARY = "libc++";
				CLANG_ENABLE_MODULES = YES;
				CLANG_ENABLE_OBJC_ARC = YES;
				CLANG_ENABLE_OBJC_WEAK = YES;
				CLANG_WARN_BLOCK_CAPTURE_AUTORELEASING = YES;
				CLANG_WARN_BOOL_CONVERSION = YES;
				CLANG_WARN_COMMA = YES;
				CLANG_WARN_CONSTANT_CONVERSION = YES;
				CLANG_WARN_DEPRECATED_OBJC_IMPLEMENTATIONS = YES;
				CLANG_WARN_DIRECT_OBJC_ISA_USAGE = YES_ERROR;
				CLANG_WARN_DOCUMENTATION_COMMENTS = YES;
				CLANG_WARN_EMPTY_BODY = YES;
				CLANG_WARN_ENUM_CONVERSION = YES;
				CLANG_WARN_INFINITE_RECURSION = YES;
				CLANG_WARN_INT_CONVERSION = YES;
				CLANG_WARN_NON_LITERAL_NULL_CONVERSION = YES;
				CLANG_WARN_OBJC_IMPLICIT_RETAIN_SELF = YES;
				CLANG_WARN_OBJC_LITERAL_CONVERSION = YES;
				CLANG_WARN_OBJC_ROOT_CLASS = YES_ERROR;
				CLANG_WARN_RANGE_LOOP_ANALYSIS = YES;
				CLANG_WARN_STRICT_PROTOTYPES = YES;
				CLANG_WARN_SUSPICIOUS_MOVE = YES;
				CLANG_WARN_UNGUARDED_AVAILABILITY = YES_AGGRESSIVE;
				CLANG_WARN_UNREACHABLE_CODE = YES;
				CLANG_WARN__DUPLICATE_METHOD_MATCH = YES;
				COPY_PHASE_STRIP = NO;
				DEBUG_INFORMATION_FORMAT = "dwarf-with-dsym";
				ENABLE_NS_ASSERTIONS = NO;
				ENABLE_STRICT_OBJC_MSGSEND = YES;
				GCC_C_LANGUAGE_STANDARD = gnu11;
				GCC_NO_COMMON_BLOCKS = YES;
				GCC_WARN_64_TO_32_BIT_CONVERSION = YES;
				GCC_WARN_ABOUT_RETURN_TYPE = YES_ERROR;
				GCC_WARN_UNDECLARED_SELECTOR = YES;
				GCC_WARN_UNINITIALIZED_AUTOS = YES_AGGRESSIVE;
				GCC_WARN_UNUSED_FUNCTION = YES;
				GCC_WARN_UNUSED_VARIABLE = YES;
				IPHONEOS_DEPLOYMENT_TARGET = 13.1;
				MTL_ENABLE_DEBUG_INFO = NO;
				MTL_FAST_MATH = YES;
				SDKROOT = iphoneos;
				SWIFT_COMPILATION_MODE = wholemodule;
				SWIFT_OPTIMIZATION_LEVEL = "-O";
				VALIDATE_PRODUCT = YES;
			};
			name = Release;
		};
		78EDDACE23635EF600F7D256 /* Debug */ = {
			isa = XCBuildConfiguration;
			baseConfigurationReference = 08D9A7C7C2DF730780E2F0FA /* Pods-FirstSample.debug.xcconfig */;
			buildSettings = {
				ASSETCATALOG_COMPILER_APPICON_NAME = AppIcon;
				CODE_SIGN_STYLE = Automatic;
				DEVELOPMENT_TEAM = "";
				INFOPLIST_FILE = FirstSample/Info.plist;
				LD_RUNPATH_SEARCH_PATHS = (
					"$(inherited)",
					"@executable_path/Frameworks",
				);
				PRODUCT_BUNDLE_IDENTIFIER = com.futureworkshops.FirstSample;
				PRODUCT_NAME = "$(TARGET_NAME)";
				SWIFT_VERSION = 5.0;
				TARGETED_DEVICE_FAMILY = "1,2";
			};
			name = Debug;
		};
		78EDDACF23635EF600F7D256 /* Release */ = {
			isa = XCBuildConfiguration;
			baseConfigurationReference = FBD74C0D387084CCF16A6698 /* Pods-FirstSample.release.xcconfig */;
			buildSettings = {
				ASSETCATALOG_COMPILER_APPICON_NAME = AppIcon;
				CODE_SIGN_STYLE = Automatic;
				DEVELOPMENT_TEAM = "";
				INFOPLIST_FILE = FirstSample/Info.plist;
				LD_RUNPATH_SEARCH_PATHS = (
					"$(inherited)",
					"@executable_path/Frameworks",
				);
				PRODUCT_BUNDLE_IDENTIFIER = com.futureworkshops.FirstSample;
				PRODUCT_NAME = "$(TARGET_NAME)";
				SWIFT_VERSION = 5.0;
				TARGETED_DEVICE_FAMILY = "1,2";
			};
			name = Release;
		};
/* End XCBuildConfiguration section */

/* Begin XCConfigurationList section */
		78EDDAB423635EF500F7D256 /* Build configuration list for PBXProject "FirstSample" */ = {
			isa = XCConfigurationList;
			buildConfigurations = (
				78EDDACB23635EF600F7D256 /* Debug */,
				78EDDACC23635EF600F7D256 /* Release */,
			);
			defaultConfigurationIsVisible = 0;
			defaultConfigurationName = Release;
		};
		78EDDACD23635EF600F7D256 /* Build configuration list for PBXNativeTarget "FirstSample" */ = {
			isa = XCConfigurationList;
			buildConfigurations = (
				78EDDACE23635EF600F7D256 /* Debug */,
				78EDDACF23635EF600F7D256 /* Release */,
			);
			defaultConfigurationIsVisible = 0;
			defaultConfigurationName = Release;
		};
/* End XCConfigurationList section */
	};
	rootObject = 78EDDAB123635EF500F7D256 /* Project object */;
}
